
Microsoft Visual Studio Solution File, Format Version 12.00
# Visual Studio 2013
VisualStudioVersion = 12.0.21005.1
MinimumVisualStudioVersion = 10.0.40219.1
Project("{2150E333-8FDC-42A3-9474-1A3956D46DE8}") = "Movil", "Movil", "{EB4E1466-C102-4AE1-B711-94B4D97E276B}"
EndProject
Project("{2150E333-8FDC-42A3-9474-1A3956D46DE8}") = "Windows Phone", "Windows Phone", "{19AE4122-CD01-4C29-898C-A05FC24BA8D0}"
EndProject
Global
	GlobalSection(SolutionProperties) = preSolution
		HideSolutionNode = FALSE
	EndGlobalSection
	GlobalSection(NestedProjects) = preSolution
		{19AE4122-CD01-4C29-898C-A05FC24BA8D0} = {EB4E1466-C102-4AE1-B711-94B4D97E276B}
	EndGlobalSection
EndGlobal
